
Microsoft Visual Studio Solution File, Format Version 12.00
Project("{FAE04EC0-301F-11D3-BF4B-00C04F79EFBC}") = "Receipts.API", "Receipts.API\Receipts.API.csproj", "{80B6CB20-7913-4BB5-A8F7-1878F93F7DFC}"
EndProject
Project("{FAE04EC0-301F-11D3-BF4B-00C04F79EFBC}") = "Receipts.Worker", "Receipts.Worker\Receipts.Worker.csproj", "{9FDD9E7D-BDFD-2581-02A8-4BD5740F54B4}"
EndProject
Project("{FAE04EC0-301F-11D3-BF4B-00C04F79EFBC}") = "Receipts.Infrastructure", "Receipts.Infrastructure\Receipts.Infrastructure.csproj", "{5A3D3E8E-40D3-4E70-90A3-7DF114AF0F90}"
EndProject
Project("{FAE04EC0-301F-11D3-BF4B-00C04F79EFBC}") = "Receipts.Infrastructure.Tests", "Receipts.Infrastructure.Tests\Receipts.Infrastructure.Tests.csproj", "{2AFD5F4E-15DA-400A-AEA3-12173156ACFE}"
EndProject
Project("{FAE04EC0-301F-11D3-BF4B-00C04F79EFBC}") = "Receipts.API.Tests", "Receipts.API.Tests\Receipts.API.Tests.csproj", "{9FC40389-6D3C-4125-A777-7CD34625B79B}"
EndProject
Project("{FAE04EC0-301F-11D3-BF4B-00C04F79EFBC}") = "Receipts.Worker.Tests", "Receipts.Worker.Tests\Receipts.Worker.Tests.csproj", "{33DCF7B3-281C-4673-8159-25EC4CFF677E}"
EndProject
Global
	GlobalSection(SolutionConfigurationPlatforms) = preSolution
		Debug|Any CPU = Debug|Any CPU
		Debug|x64 = Debug|x64
		Debug|x86 = Debug|x86
		Release|Any CPU = Release|Any CPU
		Release|x64 = Release|x64
		Release|x86 = Release|x86
	EndGlobalSection
	GlobalSection(ProjectConfigurationPlatforms) = postSolution
		{80B6CB20-7913-4BB5-A8F7-1878F93F7DFC}.Debug|Any CPU.ActiveCfg = Debug|Any CPU
		{80B6CB20-7913-4BB5-A8F7-1878F93F7DFC}.Debug|Any CPU.Build.0 = Debug|Any CPU
		{80B6CB20-7913-4BB5-A8F7-1878F93F7DFC}.Debug|x64.ActiveCfg = Debug|Any CPU
		{80B6CB20-7913-4BB5-A8F7-1878F93F7DFC}.Debug|x64.Build.0 = Debug|Any CPU
		{80B6CB20-7913-4BB5-A8F7-1878F93F7DFC}.Debug|x86.ActiveCfg = Debug|Any CPU
		{80B6CB20-7913-4BB5-A8F7-1878F93F7DFC}.Debug|x86.Build.0 = Debug|Any CPU
		{80B6CB20-7913-4BB5-A8F7-1878F93F7DFC}.Release|Any CPU.ActiveCfg = Release|Any CPU
		{80B6CB20-7913-4BB5-A8F7-1878F93F7DFC}.Release|Any CPU.Build.0 = Release|Any CPU
		{80B6CB20-7913-4BB5-A8F7-1878F93F7DFC}.Release|x64.ActiveCfg = Release|Any CPU
		{80B6CB20-7913-4BB5-A8F7-1878F93F7DFC}.Release|x64.Build.0 = Release|Any CPU
		{80B6CB20-7913-4BB5-A8F7-1878F93F7DFC}.Release|x86.ActiveCfg = Release|Any CPU
		{80B6CB20-7913-4BB5-A8F7-1878F93F7DFC}.Release|x86.Build.0 = Release|Any CPU
		{9FDD9E7D-BDFD-2581-02A8-4BD5740F54B4}.Debug|x64.ActiveCfg = Debug|Any CPU
		{9FDD9E7D-BDFD-2581-02A8-4BD5740F54B4}.Debug|x64.Build.0 = Debug|Any CPU
		{9FDD9E7D-BDFD-2581-02A8-4BD5740F54B4}.Debug|x86.ActiveCfg = Debug|Any CPU
		{9FDD9E7D-BDFD-2581-02A8-4BD5740F54B4}.Debug|x86.Build.0 = Debug|Any CPU
		{9FDD9E7D-BDFD-2581-02A8-4BD5740F54B4}.Release|x64.ActiveCfg = Release|Any CPU
		{9FDD9E7D-BDFD-2581-02A8-4BD5740F54B4}.Release|x64.Build.0 = Release|Any CPU
		{9FDD9E7D-BDFD-2581-02A8-4BD5740F54B4}.Release|x86.ActiveCfg = Release|Any CPU
		{9FDD9E7D-BDFD-2581-02A8-4BD5740F54B4}.Release|x86.Build.0 = Release|Any CPU
		{5A3D3E8E-40D3-4E70-90A3-7DF114AF0F90}.Debug|Any CPU.ActiveCfg = Debug|Any CPU
		{5A3D3E8E-40D3-4E70-90A3-7DF114AF0F90}.Debug|Any CPU.Build.0 = Debug|Any CPU
		{5A3D3E8E-40D3-4E70-90A3-7DF114AF0F90}.Debug|x64.ActiveCfg = Debug|Any CPU
		{5A3D3E8E-40D3-4E70-90A3-7DF114AF0F90}.Debug|x64.Build.0 = Debug|Any CPU
		{5A3D3E8E-40D3-4E70-90A3-7DF114AF0F90}.Debug|x86.ActiveCfg = Debug|Any CPU
		{5A3D3E8E-40D3-4E70-90A3-7DF114AF0F90}.Debug|x86.Build.0 = Debug|Any CPU
		{5A3D3E8E-40D3-4E70-90A3-7DF114AF0F90}.Release|Any CPU.ActiveCfg = Release|Any CPU
		{5A3D3E8E-40D3-4E70-90A3-7DF114AF0F90}.Release|Any CPU.Build.0 = Release|Any CPU
		{5A3D3E8E-40D3-4E70-90A3-7DF114AF0F90}.Release|x64.ActiveCfg = Release|Any CPU
		{5A3D3E8E-40D3-4E70-90A3-7DF114AF0F90}.Release|x64.Build.0 = Release|Any CPU
		{5A3D3E8E-40D3-4E70-90A3-7DF114AF0F90}.Release|x86.ActiveCfg = Release|Any CPU
		{5A3D3E8E-40D3-4E70-90A3-7DF114AF0F90}.Release|x86.Build.0 = Release|Any CPU
		{2AFD5F4E-15DA-400A-AEA3-12173156ACFE}.Debug|Any CPU.ActiveCfg = Debug|Any CPU
		{2AFD5F4E-15DA-400A-AEA3-12173156ACFE}.Debug|Any CPU.Build.0 = Debug|Any CPU
		{2AFD5F4E-15DA-400A-AEA3-12173156ACFE}.Debug|x64.ActiveCfg = Debug|Any CPU
		{2AFD5F4E-15DA-400A-AEA3-12173156ACFE}.Debug|x64.Build.0 = Debug|Any CPU
		{2AFD5F4E-15DA-400A-AEA3-12173156ACFE}.Debug|x86.ActiveCfg = Debug|Any CPU
		{2AFD5F4E-15DA-400A-AEA3-12173156ACFE}.Debug|x86.Build.0 = Debug|Any CPU
		{2AFD5F4E-15DA-400A-AEA3-12173156ACFE}.Release|Any CPU.ActiveCfg = Release|Any CPU
		{2AFD5F4E-15DA-400A-AEA3-12173156ACFE}.Release|Any CPU.Build.0 = Release|Any CPU
		{2AFD5F4E-15DA-400A-AEA3-12173156ACFE}.Release|x64.ActiveCfg = Release|Any CPU
		{2AFD5F4E-15DA-400A-AEA3-12173156ACFE}.Release|x64.Build.0 = Release|Any CPU
		{2AFD5F4E-15DA-400A-AEA3-12173156ACFE}.Release|x86.ActiveCfg = Release|Any CPU
		{2AFD5F4E-15DA-400A-AEA3-12173156ACFE}.Release|x86.Build.0 = Release|Any CPU
		{9FC40389-6D3C-4125-A777-7CD34625B79B}.Debug|Any CPU.ActiveCfg = Debug|Any CPU
		{9FC40389-6D3C-4125-A777-7CD34625B79B}.Debug|Any CPU.Build.0 = Debug|Any CPU
		{9FC40389-6D3C-4125-A777-7CD34625B79B}.Debug|x64.ActiveCfg = Debug|Any CPU
		{9FC40389-6D3C-4125-A777-7CD34625B79B}.Debug|x64.Build.0 = Debug|Any CPU
		{9FC40389-6D3C-4125-A777-7CD34625B79B}.Debug|x86.ActiveCfg = Debug|Any CPU
		{9FC40389-6D3C-4125-A777-7CD34625B79B}.Debug|x86.Build.0 = Debug|Any CPU
		{9FC40389-6D3C-4125-A777-7CD34625B79B}.Release|Any CPU.ActiveCfg = Release|Any CPU
		{9FC40389-6D3C-4125-A777-7CD34625B79B}.Release|Any CPU.Build.0 = Release|Any CPU
		{9FC40389-6D3C-4125-A777-7CD34625B79B}.Release|x64.ActiveCfg = Release|Any CPU
		{9FC40389-6D3C-4125-A777-7CD34625B79B}.Release|x64.Build.0 = Release|Any CPU
		{9FC40389-6D3C-4125-A777-7CD34625B79B}.Release|x86.ActiveCfg = Release|Any CPU
		{9FC40389-6D3C-4125-A777-7CD34625B79B}.Release|x86.Build.0 = Release|Any CPU
		{33DCF7B3-281C-4673-8159-25EC4CFF677E}.Debug|Any CPU.ActiveCfg = Debug|Any CPU
		{33DCF7B3-281C-4673-8159-25EC4CFF677E}.Debug|Any CPU.Build.0 = Debug|Any CPU
		{33DCF7B3-281C-4673-8159-25EC4CFF677E}.Debug|x64.ActiveCfg = Debug|Any CPU
		{33DCF7B3-281C-4673-8159-25EC4CFF677E}.Debug|x64.Build.0 = Debug|Any CPU
		{33DCF7B3-281C-4673-8159-25EC4CFF677E}.Debug|x86.ActiveCfg = Debug|Any CPU
		{33DCF7B3-281C-4673-8159-25EC4CFF677E}.Debug|x86.Build.0 = Debug|Any CPU
		{33DCF7B3-281C-4673-8159-25EC4CFF677E}.Release|Any CPU.ActiveCfg = Release|Any CPU
		{33DCF7B3-281C-4673-8159-25EC4CFF677E}.Release|Any CPU.Build.0 = Release|Any CPU
		{33DCF7B3-281C-4673-8159-25EC4CFF677E}.Release|x64.ActiveCfg = Release|Any CPU
		{33DCF7B3-281C-4673-8159-25EC4CFF677E}.Release|x64.Build.0 = Release|Any CPU
		{33DCF7B3-281C-4673-8159-25EC4CFF677E}.Release|x86.ActiveCfg = Release|Any CPU
		{33DCF7B3-281C-4673-8159-25EC4CFF677E}.Release|x86.Build.0 = Release|Any CPU
	EndGlobalSection
	GlobalSection(SolutionProperties) = preSolution
		HideSolutionNode = FALSE
	EndGlobalSection
EndGlobal
